
Microsoft Visual Studio Solution File, Format Version 12.00
# Visual Studio Version 16
VisualStudioVersion = 16.0.29613.14
MinimumVisualStudioVersion = 10.0.40219.1
Project("{FAE04EC0-301F-11D3-BF4B-00C04F79EFBC}") = "WinFormPractice_1", "WinFormPractice_1\WinFormPractice_1.csproj", "{DC82CB5B-EEEC-4B2C-B6FA-EF60F3CD97C9}"
EndProject
Global
	GlobalSection(SolutionConfigurationPlatforms) = preSolution
		Debug|Any CPU = Debug|Any CPU
		Release|Any CPU = Release|Any CPU
	EndGlobalSection
	GlobalSection(ProjectConfigurationPlatforms) = postSolution
		{DC82CB5B-EEEC-4B2C-B6FA-EF60F3CD97C9}.Debug|Any CPU.ActiveCfg = Debug|Any CPU
		{DC82CB5B-EEEC-4B2C-B6FA-EF60F3CD97C9}.Debug|Any CPU.Build.0 = Debug|Any CPU
		{DC82CB5B-EEEC-4B2C-B6FA-EF60F3CD97C9}.Release|Any CPU.ActiveCfg = Release|Any CPU
		{DC82CB5B-EEEC-4B2C-B6FA-EF60F3CD97C9}.Release|Any CPU.Build.0 = Release|Any CPU
	EndGlobalSection
	GlobalSection(SolutionProperties) = preSolution
		HideSolutionNode = FALSE
	EndGlobalSection
	GlobalSection(ExtensibilityGlobals) = postSolution
		SolutionGuid = {0FAA9FB9-0D2B-4010-BF9E-B0BAEABE4F18}
	EndGlobalSection
EndGlobal
