
Microsoft Visual Studio Solution File, Format Version 12.00
# Visual Studio Version 16
VisualStudioVersion = 16.0.29613.14
MinimumVisualStudioVersion = 10.0.40219.1
Project("{FAE04EC0-301F-11D3-BF4B-00C04F79EFBC}") = "DrawStars", "DrawStars\DrawStars.csproj", "{107CE9F1-102A-4B2F-B9AF-722B055C4B74}"
EndProject
Global
	GlobalSection(SolutionConfigurationPlatforms) = preSolution
		Debug|Any CPU = Debug|Any CPU
		Release|Any CPU = Release|Any CPU
	EndGlobalSection
	GlobalSection(ProjectConfigurationPlatforms) = postSolution
		{107CE9F1-102A-4B2F-B9AF-722B055C4B74}.Debug|Any CPU.ActiveCfg = Debug|Any CPU
		{107CE9F1-102A-4B2F-B9AF-722B055C4B74}.Debug|Any CPU.Build.0 = Debug|Any CPU
		{107CE9F1-102A-4B2F-B9AF-722B055C4B74}.Release|Any CPU.ActiveCfg = Release|Any CPU
		{107CE9F1-102A-4B2F-B9AF-722B055C4B74}.Release|Any CPU.Build.0 = Release|Any CPU
	EndGlobalSection
	GlobalSection(SolutionProperties) = preSolution
		HideSolutionNode = FALSE
	EndGlobalSection
	GlobalSection(ExtensibilityGlobals) = postSolution
		SolutionGuid = {08037909-B64E-4D09-A4E8-73A8DDB829E2}
	EndGlobalSection
EndGlobal
